
Microsoft Visual Studio Solution File, Format Version 12.00
# Visual Studio 15
Project("{FAE04EC0-301F-11D3-BF4B-00C04F79EFBC}") = "Assembly-CSharp", "Assembly-CSharp.csproj", "{5287E90D-159A-4D51-70FB-BA1B21C93C16}"
EndProject
Project("{FAE04EC0-301F-11D3-BF4B-00C04F79EFBC}") = "Assembly-CSharp-Editor", "Assembly-CSharp-Editor.csproj", "{968C8C93-10F6-73F4-A154-28FD85E33A21}"
EndProject
Global
	GlobalSection(SolutionConfigurationPlatforms) = preSolution
		Debug|Any CPU = Debug|Any CPU
		Release|Any CPU = Release|Any CPU
	EndGlobalSection
	GlobalSection(ProjectConfigurationPlatforms) = postSolution
		{5287E90D-159A-4D51-70FB-BA1B21C93C16}.Debug|Any CPU.ActiveCfg = Debug|Any CPU
		{5287E90D-159A-4D51-70FB-BA1B21C93C16}.Debug|Any CPU.Build.0 = Debug|Any CPU
		{5287E90D-159A-4D51-70FB-BA1B21C93C16}.Release|Any CPU.ActiveCfg = Release|Any CPU
		{5287E90D-159A-4D51-70FB-BA1B21C93C16}.Release|Any CPU.Build.0 = Release|Any CPU
		{968C8C93-10F6-73F4-A154-28FD85E33A21}.Debug|Any CPU.ActiveCfg = Debug|Any CPU
		{968C8C93-10F6-73F4-A154-28FD85E33A21}.Debug|Any CPU.Build.0 = Debug|Any CPU
		{968C8C93-10F6-73F4-A154-28FD85E33A21}.Release|Any CPU.ActiveCfg = Release|Any CPU
		{968C8C93-10F6-73F4-A154-28FD85E33A21}.Release|Any CPU.Build.0 = Release|Any CPU
	EndGlobalSection
	GlobalSection(SolutionProperties) = preSolution
		HideSolutionNode = FALSE
	EndGlobalSection
EndGlobal
